// !$*UTF8*$!
{
	archiveVersion = 1;
	classes = {
	};
	objectVersion = 46;
	objects = {

/* Begin PBXBuildFile section */
		AD5E1BAC1DF7DD2200138059 /* main.m in Sources */ = {isa = PBXBuildFile; fileRef = AD5E1BAB1DF7DD2200138059 /* main.m */; };
		AD5E1BAF1DF7DD2200138059 /* AppDelegate.m in Sources */ = {isa = PBXBuildFile; fileRef = AD5E1BAE1DF7DD2200138059 /* AppDelegate.m */; };
		AD5E1BB21DF7DD2200138059 /* ViewController.m in Sources */ = {isa = PBXBuildFile; fileRef = AD5E1BB11DF7DD2200138059 /* ViewController.m */; };
		AD5E1BB51DF7DD2200138059 /* Main.storyboard in Resources */ = {isa = PBXBuildFile; fileRef = AD5E1BB31DF7DD2200138059 /* Main.storyboard */; };
		AD5E1BB71DF7DD2200138059 /* Assets.xcassets in Resources */ = {isa = PBXBuildFile; fileRef = AD5E1BB61DF7DD2200138059 /* Assets.xcassets */; };
		AD5E1BBA1DF7DD2200138059 /* LaunchScreen.storyboard in Resources */ = {isa = PBXBuildFile; fileRef = AD5E1BB81DF7DD2200138059 /* LaunchScreen.storyboard */; };
		AD5E1BC51DF7DD2200138059 /* phaniNewOneTests.m in Sources */ = {isa = PBXBuildFile; fileRef = AD5E1BC41DF7DD2200138059 /* phaniNewOneTests.m */; };
		AD5E1BD01DF7DD2200138059 /* phaniNewOneUITests.m in Sources */ = {isa = PBXBuildFile; fileRef = AD5E1BCF1DF7DD2200138059 /* phaniNewOneUITests.m */; };
/* End PBXBuildFile section */

/* Begin PBXContainerItemProxy section */
		AD5E1BC11DF7DD2200138059 /* PBXContainerItemProxy */ = {
			isa = PBXContainerItemProxy;
			containerPortal = AD5E1B9F1DF7DD2200138059 /* Project object */;
			proxyType = 1;
			remoteGlobalIDString = AD5E1BA61DF7DD2200138059;
			remoteInfo = phaniNewOne;
		};
		AD5E1BCC1DF7DD2200138059 /* PBXContainerItemProxy */ = {
			isa = PBXContainerItemProxy;
			containerPortal = AD5E1B9F1DF7DD2200138059 /* Project object */;
			proxyType = 1;
			remoteGlobalIDString = AD5E1BA61DF7DD2200138059;
			remoteInfo = phaniNewOne;
		};
/* End PBXContainerItemProxy section */

/* Begin PBXFileReference section */
		AD5E1BA71DF7DD2200138059 /* phaniNewOne.app */ = {isa = PBXFileReference; explicitFileType = wrapper.application; includeInIndex = 0; path = phaniNewOne.app; sourceTree = BUILT_PRODUCTS_DIR; };
		AD5E1BAB1DF7DD2200138059 /* main.m */ = {isa = PBXFileReference; lastKnownFileType = sourcecode.c.objc; path = main.m; sourceTree = "<group>"; };
		AD5E1BAD1DF7DD2200138059 /* AppDelegate.h */ = {isa = PBXFileReference; lastKnownFileType = sourcecode.c.h; path = AppDelegate.h; sourceTree = "<group>"; };
		AD5E1BAE1DF7DD2200138059 /* AppDelegate.m */ = {isa = PBXFileReference; lastKnownFileType = sourcecode.c.objc; path = AppDelegate.m; sourceTree = "<group>"; };
		AD5E1BB01DF7DD2200138059 /* ViewController.h */ = {isa = PBXFileReference; lastKnownFileType = sourcecode.c.h; path = ViewController.h; sourceTree = "<group>"; };
		AD5E1BB11DF7DD2200138059 /* ViewController.m */ = {isa = PBXFileReference; lastKnownFileType = sourcecode.c.objc; path = ViewController.m; sourceTree = "<group>"; };
		AD5E1BB41DF7DD2200138059 /* Base */ = {isa = PBXFileReference; lastKnownFileType = file.storyboard; name = Base; path = Base.lproj/Main.storyboard; sourceTree = "<group>"; };
		AD5E1BB61DF7DD2200138059 /* Assets.xcassets */ = {isa = PBXFileReference; lastKnownFileType = folder.assetcatalog; path = Assets.xcassets; sourceTree = "<group>"; };
		AD5E1BB91DF7DD2200138059 /* Base */ = {isa = PBXFileReference; lastKnownFileType = file.storyboard; name = Base; path = Base.lproj/LaunchScreen.storyboard; sourceTree = "<group>"; };
		AD5E1BBB1DF7DD2200138059 /* Info.plist */ = {isa = PBXFileReference; lastKnownFileType = text.plist.xml; path = Info.plist; sourceTree = "<group>"; };
		AD5E1BC01DF7DD2200138059 /* phaniNewOneTests.xctest */ = {isa = PBXFileReference; explicitFileType = wrapper.cfbundle; includeInIndex = 0; path = phaniNewOneTests.xctest; sourceTree = BUILT_PRODUCTS_DIR; };
		AD5E1BC41DF7DD2200138059 /* phaniNewOneTests.m */ = {isa = PBXFileReference; lastKnownFileType = sourcecode.c.objc; path = phaniNewOneTests.m; sourceTree = "<group>"; };
		AD5E1BC61DF7DD2200138059 /* Info.plist */ = {isa = PBXFileReference; lastKnownFileType = text.plist.xml; path = Info.plist; sourceTree = "<group>"; };
		AD5E1BCB1DF7DD2200138059 /* phaniNewOneUITests.xctest */ = {isa = PBXFileReference; explicitFileType = wrapper.cfbundle; includeInIndex = 0; path = phaniNewOneUITests.xctest; sourceTree = BUILT_PRODUCTS_DIR; };
		AD5E1BCF1DF7DD2200138059 /* phaniNewOneUITests.m */ = {isa = PBXFileReference; lastKnownFileType = sourcecode.c.objc; path = phaniNewOneUITests.m; sourceTree = "<group>"; };
		AD5E1BD11DF7DD2200138059 /* Info.plist */ = {isa = PBXFileReference; lastKnownFileType = text.plist.xml; path = Info.plist; sourceTree = "<group>"; };
/* End PBXFileReference section */

/* Begin PBXFrameworksBuildPhase section */
		AD5E1BA41DF7DD2200138059 /* Frameworks */ = {
			isa = PBXFrameworksBuildPhase;
			buildActionMask = 2147483647;
			files = (
			);
			runOnlyForDeploymentPostprocessing = 0;
		};
		AD5E1BBD1DF7DD2200138059 /* Frameworks */ = {
			isa = PBXFrameworksBuildPhase;
			buildActionMask = 2147483647;
			files = (
			);
			runOnlyForDeploymentPostprocessing = 0;
		};
		AD5E1BC81DF7DD2200138059 /* Frameworks */ = {
			isa = PBXFrameworksBuildPhase;
			buildActionMask = 2147483647;
			files = (
			);
			runOnlyForDeploymentPostprocessing = 0;
		};
/* End PBXFrameworksBuildPhase section */

/* Begin PBXGroup section */
		AD5E1B9E1DF7DD2200138059 = {
			isa = PBXGroup;
			children = (
				AD5E1BA91DF7DD2200138059 /* phaniNewOne */,
				AD5E1BC31DF7DD2200138059 /* phaniNewOneTests */,
				AD5E1BCE1DF7DD2200138059 /* phaniNewOneUITests */,
				AD5E1BA81DF7DD2200138059 /* Products */,
			);
			sourceTree = "<group>";
		};
		AD5E1BA81DF7DD2200138059 /* Products */ = {
			isa = PBXGroup;
			children = (
				AD5E1BA71DF7DD2200138059 /* phaniNewOne.app */,
				AD5E1BC01DF7DD2200138059 /* phaniNewOneTests.xctest */,
				AD5E1BCB1DF7DD2200138059 /* phaniNewOneUITests.xctest */,
			);
			name = Products;
			sourceTree = "<group>";
		};
		AD5E1BA91DF7DD2200138059 /* phaniNewOne */ = {
			isa = PBXGroup;
			children = (
				AD5E1BAD1DF7DD2200138059 /* AppDelegate.h */,
				AD5E1BAE1DF7DD2200138059 /* AppDelegate.m */,
				AD5E1BB01DF7DD2200138059 /* ViewController.h */,
				AD5E1BB11DF7DD2200138059 /* ViewController.m */,
				AD5E1BB31DF7DD2200138059 /* Main.storyboard */,
				AD5E1BB61DF7DD2200138059 /* Assets.xcassets */,
				AD5E1BB81DF7DD2200138059 /* LaunchScreen.storyboard */,
				AD5E1BBB1DF7DD2200138059 /* Info.plist */,
				AD5E1BAA1DF7DD2200138059 /* Supporting Files */,
			);
			path = phaniNewOne;
			sourceTree = "<group>";
		};
		AD5E1BAA1DF7DD2200138059 /* Supporting Files */ = {
			isa = PBXGroup;
			children = (
				AD5E1BAB1DF7DD2200138059 /* main.m */,
			);
			name = "Supporting Files";
			sourceTree = "<group>";
		};
		AD5E1BC31DF7DD2200138059 /* phaniNewOneTests */ = {
			isa = PBXGroup;
			children = (
				AD5E1BC41DF7DD2200138059 /* phaniNewOneTests.m */,
				AD5E1BC61DF7DD2200138059 /* Info.plist */,
			);
			path = phaniNewOneTests;
			sourceTree = "<group>";
		};
		AD5E1BCE1DF7DD2200138059 /* phaniNewOneUITests */ = {
			isa = PBXGroup;
			children = (
				AD5E1BCF1DF7DD2200138059 /* phaniNewOneUITests.m */,
				AD5E1BD11DF7DD2200138059 /* Info.plist */,
			);
			path = phaniNewOneUITests;
			sourceTree = "<group>";
		};
/* End PBXGroup section */

/* Begin PBXNativeTarget section */
		AD5E1BA61DF7DD2200138059 /* phaniNewOne */ = {
			isa = PBXNativeTarget;
			buildConfigurationList = AD5E1BD41DF7DD2200138059 /* Build configuration list for PBXNativeTarget "phaniNewOne" */;
			buildPhases = (
				AD5E1BA31DF7DD2200138059 /* Sources */,
				AD5E1BA41DF7DD2200138059 /* Frameworks */,
				AD5E1BA51DF7DD2200138059 /* Resources */,
			);
			buildRules = (
			);
			dependencies = (
			);
			name = phaniNewOne;
			productName = phaniNewOne;
			productReference = AD5E1BA71DF7DD2200138059 /* phaniNewOne.app */;
			productType = "com.apple.product-type.application";
		};
		AD5E1BBF1DF7DD2200138059 /* phaniNewOneTests */ = {
			isa = PBXNativeTarget;
			buildConfigurationList = AD5E1BD71DF7DD2200138059 /* Build configuration list for PBXNativeTarget "phaniNewOneTests" */;
			buildPhases = (
				AD5E1BBC1DF7DD2200138059 /* Sources */,
				AD5E1BBD1DF7DD2200138059 /* Frameworks */,
				AD5E1BBE1DF7DD2200138059 /* Resources */,
			);
			buildRules = (
			);
			dependencies = (
				AD5E1BC21DF7DD2200138059 /* PBXTargetDependency */,
			);
			name = phaniNewOneTests;
			productName = phaniNewOneTests;
			productReference = AD5E1BC01DF7DD2200138059 /* phaniNewOneTests.xctest */;
			productType = "com.apple.product-type.bundle.unit-test";
		};
		AD5E1BCA1DF7DD2200138059 /* phaniNewOneUITests */ = {
			isa = PBXNativeTarget;
			buildConfigurationList = AD5E1BDA1DF7DD2200138059 /* Build configuration list for PBXNativeTarget "phaniNewOneUITests" */;
			buildPhases = (
				AD5E1BC71DF7DD2200138059 /* Sources */,
				AD5E1BC81DF7DD2200138059 /* Frameworks */,
				AD5E1BC91DF7DD2200138059 /* Resources */,
			);
			buildRules = (
			);
			dependencies = (
				AD5E1BCD1DF7DD2200138059 /* PBXTargetDependency */,
			);
			name = phaniNewOneUITests;
			productName = phaniNewOneUITests;
			productReference = AD5E1BCB1DF7DD2200138059 /* phaniNewOneUITests.xctest */;
			productType = "com.apple.product-type.bundle.ui-testing";
		};
/* End PBXNativeTarget section */

/* Begin PBXProject section */
		AD5E1B9F1DF7DD2200138059 /* Project object */ = {
			isa = PBXProject;
			attributes = {
				LastUpgradeCheck = 0720;
				ORGANIZATIONNAME = Practice;
				TargetAttributes = {
					AD5E1BA61DF7DD2200138059 = {
						CreatedOnToolsVersion = 7.2;
					};
					AD5E1BBF1DF7DD2200138059 = {
						CreatedOnToolsVersion = 7.2;
						TestTargetID = AD5E1BA61DF7DD2200138059;
					};
					AD5E1BCA1DF7DD2200138059 = {
						CreatedOnToolsVersion = 7.2;
						TestTargetID = AD5E1BA61DF7DD2200138059;
					};
				};
			};
			buildConfigurationList = AD5E1BA21DF7DD2200138059 /* Build configuration list for PBXProject "phaniNewOne" */;
			compatibilityVersion = "Xcode 3.2";
			developmentRegion = English;
			hasScannedForEncodings = 0;
			knownRegions = (
				en,
				Base,
			);
			mainGroup = AD5E1B9E1DF7DD2200138059;
			productRefGroup = AD5E1BA81DF7DD2200138059 /* Products */;
			projectDirPath = "";
			projectRoot = "";
			targets = (
				AD5E1BA61DF7DD2200138059 /* phaniNewOne */,
				AD5E1BBF1DF7DD2200138059 /* phaniNewOneTests */,
				AD5E1BCA1DF7DD2200138059 /* phaniNewOneUITests */,
			);
		};
/* End PBXProject section */

/* Begin PBXResourcesBuildPhase section */
		AD5E1BA51DF7DD2200138059 /* Resources */ = {
			isa = PBXResourcesBuildPhase;
			buildActionMask = 2147483647;
			files = (
				AD5E1BBA1DF7DD2200138059 /* LaunchScreen.storyboard in Resources */,
				AD5E1BB71DF7DD2200138059 /* Assets.xcassets in Resources */,
				AD5E1BB51DF7DD2200138059 /* Main.storyboard in Resources */,
			);
			runOnlyForDeploymentPostprocessing = 0;
		};
		AD5E1BBE1DF7DD2200138059 /* Resources */ = {
			isa = PBXResourcesBuildPhase;
			buildActionMask = 2147483647;
			files = (
			);
			runOnlyForDeploymentPostprocessing = 0;
		};
		AD5E1BC91DF7DD2200138059 /* Resources */ = {
			isa = PBXResourcesBuildPhase;
			buildActionMask = 2147483647;
			files = (
			);
			runOnlyForDeploymentPostprocessing = 0;
		};
/* End PBXResourcesBuildPhase section */

/* Begin PBXSourcesBuildPhase section */
		AD5E1BA31DF7DD2200138059 /* Sources */ = {
			isa = PBXSourcesBuildPhase;
			buildActionMask = 2147483647;
			files = (
				AD5E1BB21DF7DD2200138059 /* ViewController.m in Sources */,
				AD5E1BAF1DF7DD2200138059 /* AppDelegate.m in Sources */,
				AD5E1BAC1DF7DD2200138059 /* main.m in Sources */,
			);
			runOnlyForDeploymentPostprocessing = 0;
		};
		AD5E1BBC1DF7DD2200138059 /* Sources */ = {
			isa = PBXSourcesBuildPhase;
			buildActionMask = 2147483647;
			files = (
				AD5E1BC51DF7DD2200138059 /* phaniNewOneTests.m in Sources */,
			);
			runOnlyForDeploymentPostprocessing = 0;
		};
		AD5E1BC71DF7DD2200138059 /* Sources */ = {
			isa = PBXSourcesBuildPhase;
			buildActionMask = 2147483647;
			files = (
				AD5E1BD01DF7DD2200138059 /* phaniNewOneUITests.m in Sources */,
			);
			runOnlyForDeploymentPostprocessing = 0;
		};
/* End PBXSourcesBuildPhase section */

/* Begin PBXTargetDependency section */
		AD5E1BC21DF7DD2200138059 /* PBXTargetDependency */ = {
			isa = PBXTargetDependency;
			target = AD5E1BA61DF7DD2200138059 /* phaniNewOne */;
			targetProxy = AD5E1BC11DF7DD2200138059 /* PBXContainerItemProxy */;
		};
		AD5E1BCD1DF7DD2200138059 /* PBXTargetDependency */ = {
			isa = PBXTargetDependency;
			target = AD5E1BA61DF7DD2200138059 /* phaniNewOne */;
			targetProxy = AD5E1BCC1DF7DD2200138059 /* PBXContainerItemProxy */;
		};
/* End PBXTargetDependency section */

/* Begin PBXVariantGroup section */
		AD5E1BB31DF7DD2200138059 /* Main.storyboard */ = {
			isa = PBXVariantGroup;
			children = (
				AD5E1BB41DF7DD2200138059 /* Base */,
			);
			name = Main.storyboard;
			sourceTree = "<group>";
		};
		AD5E1BB81DF7DD2200138059 /* LaunchScreen.storyboard */ = {
			isa = PBXVariantGroup;
			children = (
				AD5E1BB91DF7DD2200138059 /* Base */,
			);
			name = LaunchScreen.storyboard;
			sourceTree = "<group>";
		};
/* End PBXVariantGroup section */

/* Begin XCBuildConfiguration section */
		AD5E1BD21DF7DD2200138059 /* Debug */ = {
			isa = XCBuildConfiguration;
			buildSettings = {
				ALWAYS_SEARCH_USER_PATHS = NO;
				CLANG_CXX_LANGUAGE_STANDARD = "gnu++0x";
				CLANG_CXX_LIBRARY = "libc++";
				CLANG_ENABLE_MODULES = YES;
				CLANG_ENABLE_OBJC_ARC = YES;
				CLANG_WARN_BOOL_CONVERSION = YES;
				CLANG_WARN_CONSTANT_CONVERSION = YES;
				CLANG_WARN_DIRECT_OBJC_ISA_USAGE = YES_ERROR;
				CLANG_WARN_EMPTY_BODY = YES;
				CLANG_WARN_ENUM_CONVERSION = YES;
				CLANG_WARN_INT_CONVERSION = YES;
				CLANG_WARN_OBJC_ROOT_CLASS = YES_ERROR;
				CLANG_WARN_UNREACHABLE_CODE = YES;
				CLANG_WARN__DUPLICATE_METHOD_MATCH = YES;
				"CODE_SIGN_IDENTITY[sdk=iphoneos*]" = "iPhone Developer";
				COPY_PHASE_STRIP = NO;
				DEBUG_INFORMATION_FORMAT = dwarf;
				ENABLE_STRICT_OBJC_MSGSEND = YES;
				ENABLE_TESTABILITY = YES;
				GCC_C_LANGUAGE_STANDARD = gnu99;
				GCC_DYNAMIC_NO_PIC = NO;
				GCC_NO_COMMON_BLOCKS = YES;
				GCC_OPTIMIZATION_LEVEL = 0;
				GCC_PREPROCESSOR_DEFINITIONS = (
					"DEBUG=1",
					"$(inherited)",
				);
				GCC_WARN_64_TO_32_BIT_CONVERSION = YES;
				GCC_WARN_ABOUT_RETURN_TYPE = YES_ERROR;
				GCC_WARN_UNDECLARED_SELECTOR = YES;
				GCC_WARN_UNINITIALIZED_AUTOS = YES_AGGRESSIVE;
				GCC_WARN_UNUSED_FUNCTION = YES;
				GCC_WARN_UNUSED_VARIABLE = YES;
				IPHONEOS_DEPLOYMENT_TARGET = 9.2;
				MTL_ENABLE_DEBUG_INFO = YES;
				ONLY_ACTIVE_ARCH = YES;
				SDKROOT = iphoneos;
				TARGETED_DEVICE_FAMILY = "1,2";
			};
			name = Debug;
		};
		AD5E1BD31DF7DD2200138059 /* Release */ = {
			isa = XCBuildConfiguration;
			buildSettings = {
				ALWAYS_SEARCH_USER_PATHS = NO;
				CLANG_CXX_LANGUAGE_STANDARD = "gnu++0x";
				CLANG_CXX_LIBRARY = "libc++";
				CLANG_ENABLE_MODULES = YES;
				CLANG_ENABLE_OBJC_ARC = YES;
				CLANG_WARN_BOOL_CONVERSION = YES;
				CLANG_WARN_CONSTANT_CONVERSION = YES;
				CLANG_WARN_DIRECT_OBJC_ISA_USAGE = YES_ERROR;
				CLANG_WARN_EMPTY_BODY = YES;
				CLANG_WARN_ENUM_CONVERSION = YES;
				CLANG_WARN_INT_CONVERSION = YES;
				CLANG_WARN_OBJC_ROOT_CLASS = YES_ERROR;
				CLANG_WARN_UNREACHABLE_CODE = YES;
				CLANG_WARN__DUPLICATE_METHOD_MATCH = YES;
				"CODE_SIGN_IDENTITY[sdk=iphoneos*]" = "iPhone Developer";
				COPY_PHASE_STRIP = NO;
				DEBUG_INFORMATION_FORMAT = "dwarf-with-dsym";
				ENABLE_NS_ASSERTIONS = NO;
				ENABLE_STRICT_OBJC_MSGSEND = YES;
				GCC_C_LANGUAGE_STANDARD = gnu99;
				GCC_NO_COMMON_BLOCKS = YES;
				GCC_WARN_64_TO_32_BIT_CONVERSION = YES;
				GCC_WARN_ABOUT_RETURN_TYPE = YES_ERROR;
				GCC_WARN_UNDECLARED_SELECTOR = YES;
				GCC_WARN_UNINITIALIZED_AUTOS = YES_AGGRESSIVE;
				GCC_WARN_UNUSED_FUNCTION = YES;
				GCC_WARN_UNUSED_VARIABLE = YES;
				IPHONEOS_DEPLOYMENT_TARGET = 9.2;
				MTL_ENABLE_DEBUG_INFO = NO;
				SDKROOT = iphoneos;
				TARGETED_DEVICE_FAMILY = "1,2";
				VALIDATE_PRODUCT = YES;
			};
			name = Release;
		};
		AD5E1BD51DF7DD2200138059 /* Debug */ = {
			isa = XCBuildConfiguration;
			buildSettings = {
				ASSETCATALOG_COMPILER_APPICON_NAME = AppIcon;
				INFOPLIST_FILE = phaniNewOne/Info.plist;
				LD_RUNPATH_SEARCH_PATHS = "$(inherited) @executable_path/Frameworks";
				PRODUCT_BUNDLE_IDENTIFIER = com.phaniNewOne;
				PRODUCT_NAME = "$(TARGET_NAME)";
			};
			name = Debug;
		};
		AD5E1BD61DF7DD2200138059 /* Release */ = {
			isa = XCBuildConfiguration;
			buildSettings = {
				ASSETCATALOG_COMPILER_APPICON_NAME = AppIcon;
				INFOPLIST_FILE = phaniNewOne/Info.plist;
				LD_RUNPATH_SEARCH_PATHS = "$(inherited) @executable_path/Frameworks";
				PRODUCT_BUNDLE_IDENTIFIER = com.phaniNewOne;
				PRODUCT_NAME = "$(TARGET_NAME)";
			};
			name = Release;
		};
		AD5E1BD81DF7DD2200138059 /* Debug */ = {
			isa = XCBuildConfiguration;
			buildSettings = {
				BUNDLE_LOADER = "$(TEST_HOST)";
				INFOPLIST_FILE = phaniNewOneTests/Info.plist;
				LD_RUNPATH_SEARCH_PATHS = "$(inherited) @executable_path/Frameworks @loader_path/Frameworks";
				PRODUCT_BUNDLE_IDENTIFIER = com.phaniNewOneTests;
				PRODUCT_NAME = "$(TARGET_NAME)";
				TEST_HOST = "$(BUILT_PRODUCTS_DIR)/phaniNewOne.app/phaniNewOne";
			};
			name = Debug;
		};
		AD5E1BD91DF7DD2200138059 /* Release */ = {
			isa = XCBuildConfiguration;
			buildSettings = {
				BUNDLE_LOADER = "$(TEST_HOST)";
				INFOPLIST_FILE = phaniNewOneTests/Info.plist;
				LD_RUNPATH_SEARCH_PATHS = "$(inherited) @executable_path/Frameworks @loader_path/Frameworks";
				PRODUCT_BUNDLE_IDENTIFIER = com.phaniNewOneTests;
				PRODUCT_NAME = "$(TARGET_NAME)";
				TEST_HOST = "$(BUILT_PRODUCTS_DIR)/phaniNewOne.app/phaniNewOne";
			};
			name = Release;
		};
		AD5E1BDB1DF7DD2200138059 /* Debug */ = {
			isa = XCBuildConfiguration;
			buildSettings = {
				INFOPLIST_FILE = phaniNewOneUITests/Info.plist;
				LD_RUNPATH_SEARCH_PATHS = "$(inherited) @executable_path/Frameworks @loader_path/Frameworks";
				PRODUCT_BUNDLE_IDENTIFIER = com.phaniNewOneUITests;
				PRODUCT_NAME = "$(TARGET_NAME)";
				TEST_TARGET_NAME = phaniNewOne;
				USES_XCTRUNNER = YES;
			};
			name = Debug;
		};
		AD5E1BDC1DF7DD2200138059 /* Release */ = {
			isa = XCBuildConfiguration;
			buildSettings = {
				INFOPLIST_FILE = phaniNewOneUITests/Info.plist;
				LD_RUNPATH_SEARCH_PATHS = "$(inherited) @executable_path/Frameworks @loader_path/Frameworks";
				PRODUCT_BUNDLE_IDENTIFIER = com.phaniNewOneUITests;
				PRODUCT_NAME = "$(TARGET_NAME)";
				TEST_TARGET_NAME = phaniNewOne;
				USES_XCTRUNNER = YES;
			};
			name = Release;
		};
/* End XCBuildConfiguration section */

/* Begin XCConfigurationList section */
		AD5E1BA21DF7DD2200138059 /* Build configuration list for PBXProject "phaniNewOne" */ = {
			isa = XCConfigurationList;
			buildConfigurations = (
				AD5E1BD21DF7DD2200138059 /* Debug */,
				AD5E1BD31DF7DD2200138059 /* Release */,
			);
			defaultConfigurationIsVisible = 0;
			defaultConfigurationName = Release;
		};
		AD5E1BD41DF7DD2200138059 /* Build configuration list for PBXNativeTarget "phaniNewOne" */ = {
			isa = XCConfigurationList;
			buildConfigurations = (
				AD5E1BD51DF7DD2200138059 /* Debug */,
				AD5E1BD61DF7DD2200138059 /* Release */,
			);
			defaultConfigurationIsVisible = 0;
		};
		AD5E1BD71DF7DD2200138059 /* Build configuration list for PBXNativeTarget "phaniNewOneTests" */ = {
			isa = XCConfigurationList;
			buildConfigurations = (
				AD5E1BD81DF7DD2200138059 /* Debug */,
				AD5E1BD91DF7DD2200138059 /* Release */,
			);
			defaultConfigurationIsVisible = 0;
		};
		AD5E1BDA1DF7DD2200138059 /* Build configuration list for PBXNativeTarget "phaniNewOneUITests" */ = {
			isa = XCConfigurationList;
			buildConfigurations = (
				AD5E1BDB1DF7DD2200138059 /* Debug */,
				AD5E1BDC1DF7DD2200138059 /* Release */,
			);
			defaultConfigurationIsVisible = 0;
		};
/* End XCConfigurationList section */
	};
	rootObject = AD5E1B9F1DF7DD2200138059 /* Project object */;
}
